github.com/a-h/templ v0.2.639 h1:iNyjh6gllEshVDcj3taqtz7dltPKBtncvP+M8HNGdGQ=
github.com/a-h/templ v0.2.639/go.mod h1:SA7mtYwVEajbIXFRh3vKdYm/4FYyLQAtPH1+KxzGPA8=
github.com/angelofallars/htmx-go v0.5.0 h1:L7M48cCH7nX8cV5wRYn04pN6AE4qNdh86iTbuKxhnIo=
github.com/angelofallars/htmx-go v0.5.0/go.mod h1:izXk6A+Jllc3vXs1dUvxUJs/jE0weiEC07ZPlCVi4cc=
github.com/google/uuid v1.6.0 h1:NIvaJDMOsjHA8n1jAhLSgzrAzy1Hgr+hNrb57e+94F0=
github.com/google/uuid v1.6.0/go.mod h1:TIyPZe4MgqvfeYDBFedMoGGpEw/LqOeaOT+nhxU+yHo=
github.com/lmittmann/tint v1.0.4 h1:LeYihpJ9hyGvE0w+K2okPTGUdVLfng1+nDNVR4vWISc=
github.com/lmittmann/tint v1.0.4/go.mod h1:HIS3gSy7qNwGCj+5oRjAutErFBl4BzdQP6cJZ0NfMwE=
nhooyr.io/websocket v1.8.10 h1:mv4p+MnGrLDcPlBoWsvPP7XCzTYMXP9F9eIGoKbgx7Q=
nhooyr.io/websocket v1.8.10/go.mod h1:rN9OFWIUwuxg4fR5tELlYC04bXYowCP9GX47ivo2l+c=
